// !$*UTF8*$!
{
	archiveVersion = 1;
	classes = {
	};
	objectVersion = 50;
	objects = {

/* Begin PBXBuildFile section */
		EF8301F0233184D000B04DB6 /* LoginTextInput.swift in Sources */ = {isa = PBXBuildFile; fileRef = EF8301EF233184D000B04DB6 /* LoginTextInput.swift */; };
		EF8301F2233676CD00B04DB6 /* LoginView.swift in Sources */ = {isa = PBXBuildFile; fileRef = EF8301F1233676CD00B04DB6 /* LoginView.swift */; };
		EFA79DA5233167CA00A7E9C6 /* AppDelegate.swift in Sources */ = {isa = PBXBuildFile; fileRef = EFA79DA4233167CA00A7E9C6 /* AppDelegate.swift */; };
		EFA79DAD233167CA00A7E9C6 /* PostAndComment.xcdatamodeld in Sources */ = {isa = PBXBuildFile; fileRef = EFA79DAB233167CA00A7E9C6 /* PostAndComment.xcdatamodeld */; };
		EFA79DAF233167CE00A7E9C6 /* Assets.xcassets in Resources */ = {isa = PBXBuildFile; fileRef = EFA79DAE233167CE00A7E9C6 /* Assets.xcassets */; };
		EFA79DB2233167CE00A7E9C6 /* LaunchScreen.storyboard in Resources */ = {isa = PBXBuildFile; fileRef = EFA79DB0233167CE00A7E9C6 /* LaunchScreen.storyboard */; };
		EFA79DBD233167CE00A7E9C6 /* PostAndCommentTests.swift in Sources */ = {isa = PBXBuildFile; fileRef = EFA79DBC233167CE00A7E9C6 /* PostAndCommentTests.swift */; };
		EFA79DC8233167CE00A7E9C6 /* PostAndCommentUITests.swift in Sources */ = {isa = PBXBuildFile; fileRef = EFA79DC7233167CE00A7E9C6 /* PostAndCommentUITests.swift */; };
		EFA79DD923316B3D00A7E9C6 /* AppController.swift in Sources */ = {isa = PBXBuildFile; fileRef = EFA79DD823316B3D00A7E9C6 /* AppController.swift */; };
		EFA79DDB23316B4E00A7E9C6 /* AuthController.swift in Sources */ = {isa = PBXBuildFile; fileRef = EFA79DDA23316B4E00A7E9C6 /* AuthController.swift */; };
		EFA79DE023316C9600A7E9C6 /* UIColorExtensions.swift in Sources */ = {isa = PBXBuildFile; fileRef = EFA79DDF23316C9600A7E9C6 /* UIColorExtensions.swift */; };
/* End PBXBuildFile section */

/* Begin PBXContainerItemProxy section */
		EFA79DB9233167CE00A7E9C6 /* PBXContainerItemProxy */ = {
			isa = PBXContainerItemProxy;
			containerPortal = EFA79D99233167CA00A7E9C6 /* Project object */;
			proxyType = 1;
			remoteGlobalIDString = EFA79DA0233167CA00A7E9C6;
			remoteInfo = PostAndComment;
		};
		EFA79DC4233167CE00A7E9C6 /* PBXContainerItemProxy */ = {
			isa = PBXContainerItemProxy;
			containerPortal = EFA79D99233167CA00A7E9C6 /* Project object */;
			proxyType = 1;
			remoteGlobalIDString = EFA79DA0233167CA00A7E9C6;
			remoteInfo = PostAndComment;
		};
/* End PBXContainerItemProxy section */

/* Begin PBXFileReference section */
		EF8301EF233184D000B04DB6 /* LoginTextInput.swift */ = {isa = PBXFileReference; lastKnownFileType = sourcecode.swift; path = LoginTextInput.swift; sourceTree = "<group>"; };
		EF8301F1233676CD00B04DB6 /* LoginView.swift */ = {isa = PBXFileReference; lastKnownFileType = sourcecode.swift; path = LoginView.swift; sourceTree = "<group>"; };
		EFA79DA1233167CA00A7E9C6 /* PostAndComment.app */ = {isa = PBXFileReference; explicitFileType = wrapper.application; includeInIndex = 0; path = PostAndComment.app; sourceTree = BUILT_PRODUCTS_DIR; };
		EFA79DA4233167CA00A7E9C6 /* AppDelegate.swift */ = {isa = PBXFileReference; lastKnownFileType = sourcecode.swift; path = AppDelegate.swift; sourceTree = "<group>"; };
		EFA79DAC233167CA00A7E9C6 /* PostAndComment.xcdatamodel */ = {isa = PBXFileReference; lastKnownFileType = wrapper.xcdatamodel; path = PostAndComment.xcdatamodel; sourceTree = "<group>"; };
		EFA79DAE233167CE00A7E9C6 /* Assets.xcassets */ = {isa = PBXFileReference; lastKnownFileType = folder.assetcatalog; path = Assets.xcassets; sourceTree = "<group>"; };
		EFA79DB1233167CE00A7E9C6 /* Base */ = {isa = PBXFileReference; lastKnownFileType = file.storyboard; name = Base; path = Base.lproj/LaunchScreen.storyboard; sourceTree = "<group>"; };
		EFA79DB3233167CE00A7E9C6 /* Info.plist */ = {isa = PBXFileReference; lastKnownFileType = text.plist.xml; path = Info.plist; sourceTree = "<group>"; };
		EFA79DB8233167CE00A7E9C6 /* PostAndCommentTests.xctest */ = {isa = PBXFileReference; explicitFileType = wrapper.cfbundle; includeInIndex = 0; path = PostAndCommentTests.xctest; sourceTree = BUILT_PRODUCTS_DIR; };
		EFA79DBC233167CE00A7E9C6 /* PostAndCommentTests.swift */ = {isa = PBXFileReference; lastKnownFileType = sourcecode.swift; path = PostAndCommentTests.swift; sourceTree = "<group>"; };
		EFA79DBE233167CE00A7E9C6 /* Info.plist */ = {isa = PBXFileReference; lastKnownFileType = text.plist.xml; path = Info.plist; sourceTree = "<group>"; };
		EFA79DC3233167CE00A7E9C6 /* PostAndCommentUITests.xctest */ = {isa = PBXFileReference; explicitFileType = wrapper.cfbundle; includeInIndex = 0; path = PostAndCommentUITests.xctest; sourceTree = BUILT_PRODUCTS_DIR; };
		EFA79DC7233167CE00A7E9C6 /* PostAndCommentUITests.swift */ = {isa = PBXFileReference; lastKnownFileType = sourcecode.swift; path = PostAndCommentUITests.swift; sourceTree = "<group>"; };
		EFA79DC9233167CE00A7E9C6 /* Info.plist */ = {isa = PBXFileReference; lastKnownFileType = text.plist.xml; path = Info.plist; sourceTree = "<group>"; };
		EFA79DD823316B3D00A7E9C6 /* AppController.swift */ = {isa = PBXFileReference; lastKnownFileType = sourcecode.swift; path = AppController.swift; sourceTree = "<group>"; };
		EFA79DDA23316B4E00A7E9C6 /* AuthController.swift */ = {isa = PBXFileReference; lastKnownFileType = sourcecode.swift; path = AuthController.swift; sourceTree = "<group>"; };
		EFA79DDF23316C9600A7E9C6 /* UIColorExtensions.swift */ = {isa = PBXFileReference; lastKnownFileType = sourcecode.swift; path = UIColorExtensions.swift; sourceTree = "<group>"; };
/* End PBXFileReference section */

/* Begin PBXFrameworksBuildPhase section */
		EFA79D9E233167CA00A7E9C6 /* Frameworks */ = {
			isa = PBXFrameworksBuildPhase;
			buildActionMask = 2147483647;
			files = (
			);
			runOnlyForDeploymentPostprocessing = 0;
		};
		EFA79DB5233167CE00A7E9C6 /* Frameworks */ = {
			isa = PBXFrameworksBuildPhase;
			buildActionMask = 2147483647;
			files = (
			);
			runOnlyForDeploymentPostprocessing = 0;
		};
		EFA79DC0233167CE00A7E9C6 /* Frameworks */ = {
			isa = PBXFrameworksBuildPhase;
			buildActionMask = 2147483647;
			files = (
			);
			runOnlyForDeploymentPostprocessing = 0;
		};
/* End PBXFrameworksBuildPhase section */

/* Begin PBXGroup section */
		EF8301EC233183AC00B04DB6 /* Views */ = {
			isa = PBXGroup;
			children = (
				EF8301EF233184D000B04DB6 /* LoginTextInput.swift */,
				EF8301F1233676CD00B04DB6 /* LoginView.swift */,
			);
			path = Views;
			sourceTree = "<group>";
		};
		EFA79D98233167CA00A7E9C6 = {
			isa = PBXGroup;
			children = (
				EFA79DA3233167CA00A7E9C6 /* PostAndComment */,
				EFA79DBB233167CE00A7E9C6 /* PostAndCommentTests */,
				EFA79DC6233167CE00A7E9C6 /* PostAndCommentUITests */,
				EFA79DA2233167CA00A7E9C6 /* Products */,
			);
			sourceTree = "<group>";
		};
		EFA79DA2233167CA00A7E9C6 /* Products */ = {
			isa = PBXGroup;
			children = (
				EFA79DA1233167CA00A7E9C6 /* PostAndComment.app */,
				EFA79DB8233167CE00A7E9C6 /* PostAndCommentTests.xctest */,
				EFA79DC3233167CE00A7E9C6 /* PostAndCommentUITests.xctest */,
			);
			name = Products;
			sourceTree = "<group>";
		};
		EFA79DA3233167CA00A7E9C6 /* PostAndComment */ = {
			isa = PBXGroup;
			children = (
				EFA79DA4233167CA00A7E9C6 /* AppDelegate.swift */,
				EFA79DAE233167CE00A7E9C6 /* Assets.xcassets */,
				EFA79DD523316A6700A7E9C6 /* Controllers */,
				EFA79DB0233167CE00A7E9C6 /* LaunchScreen.storyboard */,
				EFA79DB3233167CE00A7E9C6 /* Info.plist */,
				EF8301EC233183AC00B04DB6 /* Views */,
				EFA79DDC23316C6200A7E9C6 /* Utils */,
				EFA79DAB233167CA00A7E9C6 /* PostAndComment.xcdatamodeld */,
			);
			path = PostAndComment;
			sourceTree = "<group>";
		};
		EFA79DBB233167CE00A7E9C6 /* PostAndCommentTests */ = {
			isa = PBXGroup;
			children = (
				EFA79DBC233167CE00A7E9C6 /* PostAndCommentTests.swift */,
				EFA79DBE233167CE00A7E9C6 /* Info.plist */,
			);
			path = PostAndCommentTests;
			sourceTree = "<group>";
		};
		EFA79DC6233167CE00A7E9C6 /* PostAndCommentUITests */ = {
			isa = PBXGroup;
			children = (
				EFA79DC7233167CE00A7E9C6 /* PostAndCommentUITests.swift */,
				EFA79DC9233167CE00A7E9C6 /* Info.plist */,
			);
			path = PostAndCommentUITests;
			sourceTree = "<group>";
		};
		EFA79DD523316A6700A7E9C6 /* Controllers */ = {
			isa = PBXGroup;
			children = (
				EFA79DD823316B3D00A7E9C6 /* AppController.swift */,
				EFA79DDA23316B4E00A7E9C6 /* AuthController.swift */,
			);
			path = Controllers;
			sourceTree = "<group>";
		};
		EFA79DDC23316C6200A7E9C6 /* Utils */ = {
			isa = PBXGroup;
			children = (
				EFA79DDF23316C9600A7E9C6 /* UIColorExtensions.swift */,
			);
			path = Utils;
			sourceTree = "<group>";
		};
/* End PBXGroup section */

/* Begin PBXNativeTarget section */
		EFA79DA0233167CA00A7E9C6 /* PostAndComment */ = {
			isa = PBXNativeTarget;
			buildConfigurationList = EFA79DCC233167CE00A7E9C6 /* Build configuration list for PBXNativeTarget "PostAndComment" */;
			buildPhases = (
				EFA79D9D233167CA00A7E9C6 /* Sources */,
				EFA79D9E233167CA00A7E9C6 /* Frameworks */,
				EFA79D9F233167CA00A7E9C6 /* Resources */,
			);
			buildRules = (
			);
			dependencies = (
			);
			name = PostAndComment;
			productName = PostAndComment;
			productReference = EFA79DA1233167CA00A7E9C6 /* PostAndComment.app */;
			productType = "com.apple.product-type.application";
		};
		EFA79DB7233167CE00A7E9C6 /* PostAndCommentTests */ = {
			isa = PBXNativeTarget;
			buildConfigurationList = EFA79DCF233167CE00A7E9C6 /* Build configuration list for PBXNativeTarget "PostAndCommentTests" */;
			buildPhases = (
				EFA79DB4233167CE00A7E9C6 /* Sources */,
				EFA79DB5233167CE00A7E9C6 /* Frameworks */,
				EFA79DB6233167CE00A7E9C6 /* Resources */,
			);
			buildRules = (
			);
			dependencies = (
				EFA79DBA233167CE00A7E9C6 /* PBXTargetDependency */,
			);
			name = PostAndCommentTests;
			productName = PostAndCommentTests;
			productReference = EFA79DB8233167CE00A7E9C6 /* PostAndCommentTests.xctest */;
			productType = "com.apple.product-type.bundle.unit-test";
		};
		EFA79DC2233167CE00A7E9C6 /* PostAndCommentUITests */ = {
			isa = PBXNativeTarget;
			buildConfigurationList = EFA79DD2233167CE00A7E9C6 /* Build configuration list for PBXNativeTarget "PostAndCommentUITests" */;
			buildPhases = (
				EFA79DBF233167CE00A7E9C6 /* Sources */,
				EFA79DC0233167CE00A7E9C6 /* Frameworks */,
				EFA79DC1233167CE00A7E9C6 /* Resources */,
			);
			buildRules = (
			);
			dependencies = (
				EFA79DC5233167CE00A7E9C6 /* PBXTargetDependency */,
			);
			name = PostAndCommentUITests;
			productName = PostAndCommentUITests;
			productReference = EFA79DC3233167CE00A7E9C6 /* PostAndCommentUITests.xctest */;
			productType = "com.apple.product-type.bundle.ui-testing";
		};
/* End PBXNativeTarget section */

/* Begin PBXProject section */
		EFA79D99233167CA00A7E9C6 /* Project object */ = {
			isa = PBXProject;
			attributes = {
				LastSwiftUpdateCheck = 1030;
				LastUpgradeCheck = 1030;
				ORGANIZATIONNAME = "Ivan Grga";
				TargetAttributes = {
					EFA79DA0233167CA00A7E9C6 = {
						CreatedOnToolsVersion = 10.3;
					};
					EFA79DB7233167CE00A7E9C6 = {
						CreatedOnToolsVersion = 10.3;
						TestTargetID = EFA79DA0233167CA00A7E9C6;
					};
					EFA79DC2233167CE00A7E9C6 = {
						CreatedOnToolsVersion = 10.3;
						TestTargetID = EFA79DA0233167CA00A7E9C6;
					};
				};
			};
			buildConfigurationList = EFA79D9C233167CA00A7E9C6 /* Build configuration list for PBXProject "PostAndComment" */;
			compatibilityVersion = "Xcode 9.3";
			developmentRegion = en;
			hasScannedForEncodings = 0;
			knownRegions = (
				en,
				Base,
			);
			mainGroup = EFA79D98233167CA00A7E9C6;
			productRefGroup = EFA79DA2233167CA00A7E9C6 /* Products */;
			projectDirPath = "";
			projectRoot = "";
			targets = (
				EFA79DA0233167CA00A7E9C6 /* PostAndComment */,
				EFA79DB7233167CE00A7E9C6 /* PostAndCommentTests */,
				EFA79DC2233167CE00A7E9C6 /* PostAndCommentUITests */,
			);
		};
/* End PBXProject section */

/* Begin PBXResourcesBuildPhase section */
		EFA79D9F233167CA00A7E9C6 /* Resources */ = {
			isa = PBXResourcesBuildPhase;
			buildActionMask = 2147483647;
			files = (
				EFA79DB2233167CE00A7E9C6 /* LaunchScreen.storyboard in Resources */,
				EFA79DAF233167CE00A7E9C6 /* Assets.xcassets in Resources */,
			);
			runOnlyForDeploymentPostprocessing = 0;
		};
		EFA79DB6233167CE00A7E9C6 /* Resources */ = {
			isa = PBXResourcesBuildPhase;
			buildActionMask = 2147483647;
			files = (
			);
			runOnlyForDeploymentPostprocessing = 0;
		};
		EFA79DC1233167CE00A7E9C6 /* Resources */ = {
			isa = PBXResourcesBuildPhase;
			buildActionMask = 2147483647;
			files = (
			);
			runOnlyForDeploymentPostprocessing = 0;
		};
/* End PBXResourcesBuildPhase section */

/* Begin PBXSourcesBuildPhase section */
		EFA79D9D233167CA00A7E9C6 /* Sources */ = {
			isa = PBXSourcesBuildPhase;
			buildActionMask = 2147483647;
			files = (
				EFA79DAD233167CA00A7E9C6 /* PostAndComment.xcdatamodeld in Sources */,
				EF8301F2233676CD00B04DB6 /* LoginView.swift in Sources */,
				EFA79DDB23316B4E00A7E9C6 /* AuthController.swift in Sources */,
				EFA79DE023316C9600A7E9C6 /* UIColorExtensions.swift in Sources */,
				EFA79DA5233167CA00A7E9C6 /* AppDelegate.swift in Sources */,
				EFA79DD923316B3D00A7E9C6 /* AppController.swift in Sources */,
				EF8301F0233184D000B04DB6 /* LoginTextInput.swift in Sources */,
			);
			runOnlyForDeploymentPostprocessing = 0;
		};
		EFA79DB4233167CE00A7E9C6 /* Sources */ = {
			isa = PBXSourcesBuildPhase;
			buildActionMask = 2147483647;
			files = (
				EFA79DBD233167CE00A7E9C6 /* PostAndCommentTests.swift in Sources */,
			);
			runOnlyForDeploymentPostprocessing = 0;
		};
		EFA79DBF233167CE00A7E9C6 /* Sources */ = {
			isa = PBXSourcesBuildPhase;
			buildActionMask = 2147483647;
			files = (
				EFA79DC8233167CE00A7E9C6 /* PostAndCommentUITests.swift in Sources */,
			);
			runOnlyForDeploymentPostprocessing = 0;
		};
/* End PBXSourcesBuildPhase section */

/* Begin PBXTargetDependency section */
		EFA79DBA233167CE00A7E9C6 /* PBXTargetDependency */ = {
			isa = PBXTargetDependency;
			target = EFA79DA0233167CA00A7E9C6 /* PostAndComment */;
			targetProxy = EFA79DB9233167CE00A7E9C6 /* PBXContainerItemProxy */;
		};
		EFA79DC5233167CE00A7E9C6 /* PBXTargetDependency */ = {
			isa = PBXTargetDependency;
			target = EFA79DA0233167CA00A7E9C6 /* PostAndComment */;
			targetProxy = EFA79DC4233167CE00A7E9C6 /* PBXContainerItemProxy */;
		};
/* End PBXTargetDependency section */

/* Begin PBXVariantGroup section */
		EFA79DB0233167CE00A7E9C6 /* LaunchScreen.storyboard */ = {
			isa = PBXVariantGroup;
			children = (
				EFA79DB1233167CE00A7E9C6 /* Base */,
			);
			name = LaunchScreen.storyboard;
			sourceTree = "<group>";
		};
/* End PBXVariantGroup section */

/* Begin XCBuildConfiguration section */
		EFA79DCA233167CE00A7E9C6 /* Debug */ = {
			isa = XCBuildConfiguration;
			buildSettings = {
				ALWAYS_SEARCH_USER_PATHS = NO;
				CLANG_ANALYZER_NONNULL = YES;
				CLANG_ANALYZER_NUMBER_OBJECT_CONVERSION = YES_AGGRESSIVE;
				CLANG_CXX_LANGUAGE_STANDARD = "gnu++14";
				CLANG_CXX_LIBRARY = "libc++";
				CLANG_ENABLE_MODULES = YES;
				CLANG_ENABLE_OBJC_ARC = YES;
				CLANG_ENABLE_OBJC_WEAK = YES;
				CLANG_WARN_BLOCK_CAPTURE_AUTORELEASING = YES;
				CLANG_WARN_BOOL_CONVERSION = YES;
				CLANG_WARN_COMMA = YES;
				CLANG_WARN_CONSTANT_CONVERSION = YES;
				CLANG_WARN_DEPRECATED_OBJC_IMPLEMENTATIONS = YES;
				CLANG_WARN_DIRECT_OBJC_ISA_USAGE = YES_ERROR;
				CLANG_WARN_DOCUMENTATION_COMMENTS = YES;
				CLANG_WARN_EMPTY_BODY = YES;
				CLANG_WARN_ENUM_CONVERSION = YES;
				CLANG_WARN_INFINITE_RECURSION = YES;
				CLANG_WARN_INT_CONVERSION = YES;
				CLANG_WARN_NON_LITERAL_NULL_CONVERSION = YES;
				CLANG_WARN_OBJC_IMPLICIT_RETAIN_SELF = YES;
				CLANG_WARN_OBJC_LITERAL_CONVERSION = YES;
				CLANG_WARN_OBJC_ROOT_CLASS = YES_ERROR;
				CLANG_WARN_RANGE_LOOP_ANALYSIS = YES;
				CLANG_WARN_STRICT_PROTOTYPES = YES;
				CLANG_WARN_SUSPICIOUS_MOVE = YES;
				CLANG_WARN_UNGUARDED_AVAILABILITY = YES_AGGRESSIVE;
				CLANG_WARN_UNREACHABLE_CODE = YES;
				CLANG_WARN__DUPLICATE_METHOD_MATCH = YES;
				CODE_SIGN_IDENTITY = "iPhone Developer";
				COPY_PHASE_STRIP = NO;
				DEBUG_INFORMATION_FORMAT = dwarf;
				ENABLE_STRICT_OBJC_MSGSEND = YES;
				ENABLE_TESTABILITY = YES;
				GCC_C_LANGUAGE_STANDARD = gnu11;
				GCC_DYNAMIC_NO_PIC = NO;
				GCC_NO_COMMON_BLOCKS = YES;
				GCC_OPTIMIZATION_LEVEL = 0;
				GCC_PREPROCESSOR_DEFINITIONS = (
					"DEBUG=1",
					"$(inherited)",
				);
				GCC_WARN_64_TO_32_BIT_CONVERSION = YES;
				GCC_WARN_ABOUT_RETURN_TYPE = YES_ERROR;
				GCC_WARN_UNDECLARED_SELECTOR = YES;
				GCC_WARN_UNINITIALIZED_AUTOS = YES_AGGRESSIVE;
				GCC_WARN_UNUSED_FUNCTION = YES;
				GCC_WARN_UNUSED_VARIABLE = YES;
				IPHONEOS_DEPLOYMENT_TARGET = 12.4;
				MTL_ENABLE_DEBUG_INFO = INCLUDE_SOURCE;
				MTL_FAST_MATH = YES;
				ONLY_ACTIVE_ARCH = YES;
				SDKROOT = iphoneos;
				SWIFT_ACTIVE_COMPILATION_CONDITIONS = DEBUG;
				SWIFT_OPTIMIZATION_LEVEL = "-Onone";
			};
			name = Debug;
		};
		EFA79DCB233167CE00A7E9C6 /* Release */ = {
			isa = XCBuildConfiguration;
			buildSettings = {
				ALWAYS_SEARCH_USER_PATHS = NO;
				CLANG_ANALYZER_NONNULL = YES;
				CLANG_ANALYZER_NUMBER_OBJECT_CONVERSION = YES_AGGRESSIVE;
				CLANG_CXX_LANGUAGE_STANDARD = "gnu++14";
				CLANG_CXX_LIBRARY = "libc++";
				CLANG_ENABLE_MODULES = YES;
				CLANG_ENABLE_OBJC_ARC = YES;
				CLANG_ENABLE_OBJC_WEAK = YES;
				CLANG_WARN_BLOCK_CAPTURE_AUTORELEASING = YES;
				CLANG_WARN_BOOL_CONVERSION = YES;
				CLANG_WARN_COMMA = YES;
				CLANG_WARN_CONSTANT_CONVERSION = YES;
				CLANG_WARN_DEPRECATED_OBJC_IMPLEMENTATIONS = YES;
				CLANG_WARN_DIRECT_OBJC_ISA_USAGE = YES_ERROR;
				CLANG_WARN_DOCUMENTATION_COMMENTS = YES;
				CLANG_WARN_EMPTY_BODY = YES;
				CLANG_WARN_ENUM_CONVERSION = YES;
				CLANG_WARN_INFINITE_RECURSION = YES;
				CLANG_WARN_INT_CONVERSION = YES;
				CLANG_WARN_NON_LITERAL_NULL_CONVERSION = YES;
				CLANG_WARN_OBJC_IMPLICIT_RETAIN_SELF = YES;
				CLANG_WARN_OBJC_LITERAL_CONVERSION = YES;
				CLANG_WARN_OBJC_ROOT_CLASS = YES_ERROR;
				CLANG_WARN_RANGE_LOOP_ANALYSIS = YES;
				CLANG_WARN_STRICT_PROTOTYPES = YES;
				CLANG_WARN_SUSPICIOUS_MOVE = YES;
				CLANG_WARN_UNGUARDED_AVAILABILITY = YES_AGGRESSIVE;
				CLANG_WARN_UNREACHABLE_CODE = YES;
				CLANG_WARN__DUPLICATE_METHOD_MATCH = YES;
				CODE_SIGN_IDENTITY = "iPhone Developer";
				COPY_PHASE_STRIP = NO;
				DEBUG_INFORMATION_FORMAT = "dwarf-with-dsym";
				ENABLE_NS_ASSERTIONS = NO;
				ENABLE_STRICT_OBJC_MSGSEND = YES;
				GCC_C_LANGUAGE_STANDARD = gnu11;
				GCC_NO_COMMON_BLOCKS = YES;
				GCC_WARN_64_TO_32_BIT_CONVERSION = YES;
				GCC_WARN_ABOUT_RETURN_TYPE = YES_ERROR;
				GCC_WARN_UNDECLARED_SELECTOR = YES;
				GCC_WARN_UNINITIALIZED_AUTOS = YES_AGGRESSIVE;
				GCC_WARN_UNUSED_FUNCTION = YES;
				GCC_WARN_UNUSED_VARIABLE = YES;
				IPHONEOS_DEPLOYMENT_TARGET = 12.4;
				MTL_ENABLE_DEBUG_INFO = NO;
				MTL_FAST_MATH = YES;
				SDKROOT = iphoneos;
				SWIFT_COMPILATION_MODE = wholemodule;
				SWIFT_OPTIMIZATION_LEVEL = "-O";
				VALIDATE_PRODUCT = YES;
			};
			name = Release;
		};
		EFA79DCD233167CE00A7E9C6 /* Debug */ = {
			isa = XCBuildConfiguration;
			buildSettings = {
				ASSETCATALOG_COMPILER_APPICON_NAME = AppIcon;
				CODE_SIGN_STYLE = Automatic;
				DEVELOPMENT_TEAM = 6B3CZSS742;
				INFOPLIST_FILE = PostAndComment/Info.plist;
				LD_RUNPATH_SEARCH_PATHS = (
					"$(inherited)",
					"@executable_path/Frameworks",
				);
				PRODUCT_BUNDLE_IDENTIFIER = grga.com.PostAndComment;
				PRODUCT_NAME = "$(TARGET_NAME)";
				SWIFT_VERSION = 5.0;
				TARGETED_DEVICE_FAMILY = "1,2";
			};
			name = Debug;
		};
		EFA79DCE233167CE00A7E9C6 /* Release */ = {
			isa = XCBuildConfiguration;
			buildSettings = {
				ASSETCATALOG_COMPILER_APPICON_NAME = AppIcon;
				CODE_SIGN_STYLE = Automatic;
				DEVELOPMENT_TEAM = 6B3CZSS742;
				INFOPLIST_FILE = PostAndComment/Info.plist;
				LD_RUNPATH_SEARCH_PATHS = (
					"$(inherited)",
					"@executable_path/Frameworks",
				);
				PRODUCT_BUNDLE_IDENTIFIER = grga.com.PostAndComment;
				PRODUCT_NAME = "$(TARGET_NAME)";
				SWIFT_VERSION = 5.0;
				TARGETED_DEVICE_FAMILY = "1,2";
			};
			name = Release;
		};
		EFA79DD0233167CE00A7E9C6 /* Debug */ = {
			isa = XCBuildConfiguration;
			buildSettings = {
				ALWAYS_EMBED_SWIFT_STANDARD_LIBRARIES = YES;
				BUNDLE_LOADER = "$(TEST_HOST)";
				CODE_SIGN_STYLE = Automatic;
				DEVELOPMENT_TEAM = 6B3CZSS742;
				INFOPLIST_FILE = PostAndCommentTests/Info.plist;
				LD_RUNPATH_SEARCH_PATHS = (
					"$(inherited)",
					"@executable_path/Frameworks",
					"@loader_path/Frameworks",
				);
				PRODUCT_BUNDLE_IDENTIFIER = grga.com.PostAndCommentTests;
				PRODUCT_NAME = "$(TARGET_NAME)";
				SWIFT_VERSION = 5.0;
				TARGETED_DEVICE_FAMILY = "1,2";
				TEST_HOST = "$(BUILT_PRODUCTS_DIR)/PostAndComment.app/PostAndComment";
			};
			name = Debug;
		};
		EFA79DD1233167CE00A7E9C6 /* Release */ = {
			isa = XCBuildConfiguration;
			buildSettings = {
				ALWAYS_EMBED_SWIFT_STANDARD_LIBRARIES = YES;
				BUNDLE_LOADER = "$(TEST_HOST)";
				CODE_SIGN_STYLE = Automatic;
				DEVELOPMENT_TEAM = 6B3CZSS742;
				INFOPLIST_FILE = PostAndCommentTests/Info.plist;
				LD_RUNPATH_SEARCH_PATHS = (
					"$(inherited)",
					"@executable_path/Frameworks",
					"@loader_path/Frameworks",
				);
				PRODUCT_BUNDLE_IDENTIFIER = grga.com.PostAndCommentTests;
				PRODUCT_NAME = "$(TARGET_NAME)";
				SWIFT_VERSION = 5.0;
				TARGETED_DEVICE_FAMILY = "1,2";
				TEST_HOST = "$(BUILT_PRODUCTS_DIR)/PostAndComment.app/PostAndComment";
			};
			name = Release;
		};
		EFA79DD3233167CE00A7E9C6 /* Debug */ = {
			isa = XCBuildConfiguration;
			buildSettings = {
				ALWAYS_EMBED_SWIFT_STANDARD_LIBRARIES = YES;
				CODE_SIGN_STYLE = Automatic;
				DEVELOPMENT_TEAM = 6B3CZSS742;
				INFOPLIST_FILE = PostAndCommentUITests/Info.plist;
				LD_RUNPATH_SEARCH_PATHS = (
					"$(inherited)",
					"@executable_path/Frameworks",
					"@loader_path/Frameworks",
				);
				PRODUCT_BUNDLE_IDENTIFIER = grga.com.PostAndCommentUITests;
				PRODUCT_NAME = "$(TARGET_NAME)";
				SWIFT_VERSION = 5.0;
				TARGETED_DEVICE_FAMILY = "1,2";
				TEST_TARGET_NAME = PostAndComment;
			};
			name = Debug;
		};
		EFA79DD4233167CE00A7E9C6 /* Release */ = {
			isa = XCBuildConfiguration;
			buildSettings = {
				ALWAYS_EMBED_SWIFT_STANDARD_LIBRARIES = YES;
				CODE_SIGN_STYLE = Automatic;
				DEVELOPMENT_TEAM = 6B3CZSS742;
				INFOPLIST_FILE = PostAndCommentUITests/Info.plist;
				LD_RUNPATH_SEARCH_PATHS = (
					"$(inherited)",
					"@executable_path/Frameworks",
					"@loader_path/Frameworks",
				);
				PRODUCT_BUNDLE_IDENTIFIER = grga.com.PostAndCommentUITests;
				PRODUCT_NAME = "$(TARGET_NAME)";
				SWIFT_VERSION = 5.0;
				TARGETED_DEVICE_FAMILY = "1,2";
				TEST_TARGET_NAME = PostAndComment;
			};
			name = Release;
		};
/* End XCBuildConfiguration section */

/* Begin XCConfigurationList section */
		EFA79D9C233167CA00A7E9C6 /* Build configuration list for PBXProject "PostAndComment" */ = {
			isa = XCConfigurationList;
			buildConfigurations = (
				EFA79DCA233167CE00A7E9C6 /* Debug */,
				EFA79DCB233167CE00A7E9C6 /* Release */,
			);
			defaultConfigurationIsVisible = 0;
			defaultConfigurationName = Release;
		};
		EFA79DCC233167CE00A7E9C6 /* Build configuration list for PBXNativeTarget "PostAndComment" */ = {
			isa = XCConfigurationList;
			buildConfigurations = (
				EFA79DCD233167CE00A7E9C6 /* Debug */,
				EFA79DCE233167CE00A7E9C6 /* Release */,
			);
			defaultConfigurationIsVisible = 0;
			defaultConfigurationName = Release;
		};
		EFA79DCF233167CE00A7E9C6 /* Build configuration list for PBXNativeTarget "PostAndCommentTests" */ = {
			isa = XCConfigurationList;
			buildConfigurations = (
				EFA79DD0233167CE00A7E9C6 /* Debug */,
				EFA79DD1233167CE00A7E9C6 /* Release */,
			);
			defaultConfigurationIsVisible = 0;
			defaultConfigurationName = Release;
		};
		EFA79DD2233167CE00A7E9C6 /* Build configuration list for PBXNativeTarget "PostAndCommentUITests" */ = {
			isa = XCConfigurationList;
			buildConfigurations = (
				EFA79DD3233167CE00A7E9C6 /* Debug */,
				EFA79DD4233167CE00A7E9C6 /* Release */,
			);
			defaultConfigurationIsVisible = 0;
			defaultConfigurationName = Release;
		};
/* End XCConfigurationList section */

/* Begin XCVersionGroup section */
		EFA79DAB233167CA00A7E9C6 /* PostAndComment.xcdatamodeld */ = {
			isa = XCVersionGroup;
			children = (
				EFA79DAC233167CA00A7E9C6 /* PostAndComment.xcdatamodel */,
			);
			currentVersion = EFA79DAC233167CA00A7E9C6 /* PostAndComment.xcdatamodel */;
			path = PostAndComment.xcdatamodeld;
			sourceTree = "<group>";
			versionGroupType = wrapper.xcdatamodel;
		};
/* End XCVersionGroup section */
	};
	rootObject = EFA79D99233167CA00A7E9C6 /* Project object */;
}
